
Microsoft Visual Studio Solution File, Format Version 12.00
# Visual Studio Version 16
VisualStudioVersion = 16.0.808.0
MinimumVisualStudioVersion = 10.0.40219.1
Project("{FAE04EC0-301F-11D3-BF4B-00C04F79EFBC}") = "net-stack", "net-stack\net-stack.csproj", "{1869DB7F-1D0E-4971-9F11-04A8478F70A9}"
EndProject
Project("{FAE04EC0-301F-11D3-BF4B-00C04F79EFBC}") = "net-stack-tests", "net-stack-tests\net-stack-tests.csproj", "{CFD6AF70-6972-4AC6-8088-8D55136FD835}"
EndProject
Global
	GlobalSection(SolutionConfigurationPlatforms) = preSolution
		Debug|Any CPU = Debug|Any CPU
		Release|Any CPU = Release|Any CPU
	EndGlobalSection
	GlobalSection(ProjectConfigurationPlatforms) = postSolution
		{1869DB7F-1D0E-4971-9F11-04A8478F70A9}.Debug|Any CPU.ActiveCfg = Debug|Any CPU
		{1869DB7F-1D0E-4971-9F11-04A8478F70A9}.Debug|Any CPU.Build.0 = Debug|Any CPU
		{1869DB7F-1D0E-4971-9F11-04A8478F70A9}.Release|Any CPU.ActiveCfg = Release|Any CPU
		{1869DB7F-1D0E-4971-9F11-04A8478F70A9}.Release|Any CPU.Build.0 = Release|Any CPU
		{CFD6AF70-6972-4AC6-8088-8D55136FD835}.Debug|Any CPU.ActiveCfg = Debug|Any CPU
		{CFD6AF70-6972-4AC6-8088-8D55136FD835}.Debug|Any CPU.Build.0 = Debug|Any CPU
		{CFD6AF70-6972-4AC6-8088-8D55136FD835}.Release|Any CPU.ActiveCfg = Release|Any CPU
		{CFD6AF70-6972-4AC6-8088-8D55136FD835}.Release|Any CPU.Build.0 = Release|Any CPU
	EndGlobalSection
	GlobalSection(SolutionProperties) = preSolution
		HideSolutionNode = FALSE
	EndGlobalSection
	GlobalSection(ExtensibilityGlobals) = postSolution
		SolutionGuid = {DCBCE869-4EA0-4703-B1CC-20AD1B2601DA}
	EndGlobalSection
EndGlobal
